// !$*UTF8*$!
{
	archiveVersion = 1;
	classes = {
	};
	objectVersion = 56;
	objects = {

/* Begin PBXBuildFile section */
		CC79EF3F29E4BADC00744332 /* Blackbird in Frameworks */ = {isa = PBXBuildFile; productRef = CC79EF3E29E4BADC00744332 /* Blackbird */; };
		CC79EF4129E4BB2700744332 /* AppDatabase.swift in Sources */ = {isa = PBXBuildFile; fileRef = CC79EF4029E4BB2700744332 /* AppDatabase.swift */; };
		CC9E695829DDD2BD009DF5CD /* MoodMapperApp.swift in Sources */ = {isa = PBXBuildFile; fileRef = CC9E695729DDD2BD009DF5CD /* MoodMapperApp.swift */; };
		CC9E695C29DDD2C2009DF5CD /* Assets.xcassets in Resources */ = {isa = PBXBuildFile; fileRef = CC9E695B29DDD2C2009DF5CD /* Assets.xcassets */; };
		CC9E695F29DDD2C2009DF5CD /* Preview Assets.xcassets in Resources */ = {isa = PBXBuildFile; fileRef = CC9E695E29DDD2C2009DF5CD /* Preview Assets.xcassets */; };
		CC9E696629DDD307009DF5CD /* ListView.swift in Sources */ = {isa = PBXBuildFile; fileRef = CC9E696529DDD307009DF5CD /* ListView.swift */; };
		CC9E696A29DDD753009DF5CD /* CurrentMood.swift in Sources */ = {isa = PBXBuildFile; fileRef = CC9E696929DDD753009DF5CD /* CurrentMood.swift */; };
/* End PBXBuildFile section */

/* Begin PBXFileReference section */
		CC79EF3C29E4B98900744332 /* db.sqlite */ = {isa = PBXFileReference; lastKnownFileType = file; path = db.sqlite; sourceTree = "<group>"; };
		CC79EF4029E4BB2700744332 /* AppDatabase.swift */ = {isa = PBXFileReference; lastKnownFileType = sourcecode.swift; path = AppDatabase.swift; sourceTree = "<group>"; };
		CC9E695429DDD2BD009DF5CD /* MoodMapper.app */ = {isa = PBXFileReference; explicitFileType = wrapper.application; includeInIndex = 0; path = MoodMapper.app; sourceTree = BUILT_PRODUCTS_DIR; };
		CC9E695729DDD2BD009DF5CD /* MoodMapperApp.swift */ = {isa = PBXFileReference; lastKnownFileType = sourcecode.swift; path = MoodMapperApp.swift; sourceTree = "<group>"; };
		CC9E695B29DDD2C2009DF5CD /* Assets.xcassets */ = {isa = PBXFileReference; lastKnownFileType = folder.assetcatalog; path = Assets.xcassets; sourceTree = "<group>"; };
		CC9E695E29DDD2C2009DF5CD /* Preview Assets.xcassets */ = {isa = PBXFileReference; lastKnownFileType = folder.assetcatalog; path = "Preview Assets.xcassets"; sourceTree = "<group>"; };
		CC9E696529DDD307009DF5CD /* ListView.swift */ = {isa = PBXFileReference; lastKnownFileType = sourcecode.swift; path = ListView.swift; sourceTree = "<group>"; };
		CC9E696929DDD753009DF5CD /* CurrentMood.swift */ = {isa = PBXFileReference; lastKnownFileType = sourcecode.swift; path = CurrentMood.swift; sourceTree = "<group>"; };
/* End PBXFileReference section */

/* Begin PBXFrameworksBuildPhase section */
		CC9E695129DDD2BD009DF5CD /* Frameworks */ = {
			isa = PBXFrameworksBuildPhase;
			buildActionMask = 2147483647;
			files = (
				CC79EF3F29E4BADC00744332 /* Blackbird in Frameworks */,
			);
			runOnlyForDeploymentPostprocessing = 0;
		};
/* End PBXFrameworksBuildPhase section */

/* Begin PBXGroup section */
		CC9E694B29DDD2BD009DF5CD = {
			isa = PBXGroup;
			children = (
				CC9E695629DDD2BD009DF5CD /* MoodMapper */,
				CC9E695529DDD2BD009DF5CD /* Products */,
			);
			sourceTree = "<group>";
		};
		CC9E695529DDD2BD009DF5CD /* Products */ = {
			isa = PBXGroup;
			children = (
				CC9E695429DDD2BD009DF5CD /* MoodMapper.app */,
			);
			name = Products;
			sourceTree = "<group>";
		};
		CC9E695629DDD2BD009DF5CD /* MoodMapper */ = {
			isa = PBXGroup;
			children = (
				CC9E695729DDD2BD009DF5CD /* MoodMapperApp.swift */,
				CC9E696729DDD311009DF5CD /* Views */,
				CC9E696829DDD726009DF5CD /* Model */,
				CC9E695B29DDD2C2009DF5CD /* Assets.xcassets */,
				CC9E695D29DDD2C2009DF5CD /* Preview Content */,
			);
			path = MoodMapper;
			sourceTree = "<group>";
		};
		CC9E695D29DDD2C2009DF5CD /* Preview Content */ = {
			isa = PBXGroup;
			children = (
				CC9E695E29DDD2C2009DF5CD /* Preview Assets.xcassets */,
			);
			path = "Preview Content";
			sourceTree = "<group>";
		};
		CC9E696729DDD311009DF5CD /* Views */ = {
			isa = PBXGroup;
			children = (
				CC9E696529DDD307009DF5CD /* ListView.swift */,
			);
			path = Views;
			sourceTree = "<group>";
		};
		CC9E696829DDD726009DF5CD /* Model */ = {
			isa = PBXGroup;
			children = (
				CC79EF3C29E4B98900744332 /* db.sqlite */,
				CC9E696929DDD753009DF5CD /* CurrentMood.swift */,
				CC79EF4029E4BB2700744332 /* AppDatabase.swift */,
			);
			path = Model;
			sourceTree = "<group>";
		};
/* End PBXGroup section */

/* Begin PBXNativeTarget section */
		CC9E695329DDD2BD009DF5CD /* MoodMapper */ = {
			isa = PBXNativeTarget;
			buildConfigurationList = CC9E696229DDD2C2009DF5CD /* Build configuration list for PBXNativeTarget "MoodMapper" */;
			buildPhases = (
				CC9E695029DDD2BD009DF5CD /* Sources */,
				CC9E695129DDD2BD009DF5CD /* Frameworks */,
				CC9E695229DDD2BD009DF5CD /* Resources */,
			);
			buildRules = (
			);
			dependencies = (
			);
			name = MoodMapper;
			packageProductDependencies = (
				CC79EF3E29E4BADC00744332 /* Blackbird */,
			);
			productName = MoodMapper;
			productReference = CC9E695429DDD2BD009DF5CD /* MoodMapper.app */;
			productType = "com.apple.product-type.application";
		};
/* End PBXNativeTarget section */

/* Begin PBXProject section */
		CC9E694C29DDD2BD009DF5CD /* Project object */ = {
			isa = PBXProject;
			attributes = {
				BuildIndependentTargetsInParallel = 1;
				LastSwiftUpdateCheck = 1420;
				LastUpgradeCheck = 1420;
				TargetAttributes = {
					CC9E695329DDD2BD009DF5CD = {
						CreatedOnToolsVersion = 14.2;
					};
				};
			};
			buildConfigurationList = CC9E694F29DDD2BD009DF5CD /* Build configuration list for PBXProject "MoodMapper" */;
			compatibilityVersion = "Xcode 14.0";
			developmentRegion = en;
			hasScannedForEncodings = 0;
			knownRegions = (
				en,
				Base,
			);
			mainGroup = CC9E694B29DDD2BD009DF5CD;
			packageReferences = (
				CC79EF3D29E4BADC00744332 /* XCRemoteSwiftPackageReference "Blackbird" */,
			);
			productRefGroup = CC9E695529DDD2BD009DF5CD /* Products */;
			projectDirPath = "";
			projectRoot = "";
			targets = (
				CC9E695329DDD2BD009DF5CD /* MoodMapper */,
			);
		};
/* End PBXProject section */

/* Begin PBXResourcesBuildPhase section */
		CC9E695229DDD2BD009DF5CD /* Resources */ = {
			isa = PBXResourcesBuildPhase;
			buildActionMask = 2147483647;
			files = (
				CC9E695F29DDD2C2009DF5CD /* Preview Assets.xcassets in Resources */,
				CC9E695C29DDD2C2009DF5CD /* Assets.xcassets in Resources */,
			);
			runOnlyForDeploymentPostprocessing = 0;
		};
/* End PBXResourcesBuildPhase section */

/* Begin PBXSourcesBuildPhase section */
		CC9E695029DDD2BD009DF5CD /* Sources */ = {
			isa = PBXSourcesBuildPhase;
			buildActionMask = 2147483647;
			files = (
				CC9E695829DDD2BD009DF5CD /* MoodMapperApp.swift in Sources */,
				CC9E696A29DDD753009DF5CD /* CurrentMood.swift in Sources */,
				CC79EF4129E4BB2700744332 /* AppDatabase.swift in Sources */,
				CC9E696629DDD307009DF5CD /* ListView.swift in Sources */,
			);
			runOnlyForDeploymentPostprocessing = 0;
		};
/* End PBXSourcesBuildPhase section */

/* Begin XCBuildConfiguration section */
		CC9E696029DDD2C2009DF5CD /* Debug */ = {
			isa = XCBuildConfiguration;
			buildSettings = {
				ALWAYS_SEARCH_USER_PATHS = NO;
				CLANG_ANALYZER_NONNULL = YES;
				CLANG_ANALYZER_NUMBER_OBJECT_CONVERSION = YES_AGGRESSIVE;
				CLANG_CXX_LANGUAGE_STANDARD = "gnu++20";
				CLANG_ENABLE_MODULES = YES;
				CLANG_ENABLE_OBJC_ARC = YES;
				CLANG_ENABLE_OBJC_WEAK = YES;
				CLANG_WARN_BLOCK_CAPTURE_AUTORELEASING = YES;
				CLANG_WARN_BOOL_CONVERSION = YES;
				CLANG_WARN_COMMA = YES;
				CLANG_WARN_CONSTANT_CONVERSION = YES;
				CLANG_WARN_DEPRECATED_OBJC_IMPLEMENTATIONS = YES;
				CLANG_WARN_DIRECT_OBJC_ISA_USAGE = YES_ERROR;
				CLANG_WARN_DOCUMENTATION_COMMENTS = YES;
				CLANG_WARN_EMPTY_BODY = YES;
				CLANG_WARN_ENUM_CONVERSION = YES;
				CLANG_WARN_INFINITE_RECURSION = YES;
				CLANG_WARN_INT_CONVERSION = YES;
				CLANG_WARN_NON_LITERAL_NULL_CONVERSION = YES;
				CLANG_WARN_OBJC_IMPLICIT_RETAIN_SELF = YES;
				CLANG_WARN_OBJC_LITERAL_CONVERSION = YES;
				CLANG_WARN_OBJC_ROOT_CLASS = YES_ERROR;
				CLANG_WARN_QUOTED_INCLUDE_IN_FRAMEWORK_HEADER = YES;
				CLANG_WARN_RANGE_LOOP_ANALYSIS = YES;
				CLANG_WARN_STRICT_PROTOTYPES = YES;
				CLANG_WARN_SUSPICIOUS_MOVE = YES;
				CLANG_WARN_UNGUARDED_AVAILABILITY = YES_AGGRESSIVE;
				CLANG_WARN_UNREACHABLE_CODE = YES;
				CLANG_WARN__DUPLICATE_METHOD_MATCH = YES;
				COPY_PHASE_STRIP = NO;
				DEBUG_INFORMATION_FORMAT = dwarf;
				ENABLE_STRICT_OBJC_MSGSEND = YES;
				ENABLE_TESTABILITY = YES;
				GCC_C_LANGUAGE_STANDARD = gnu11;
				GCC_DYNAMIC_NO_PIC = NO;
				GCC_NO_COMMON_BLOCKS = YES;
				GCC_OPTIMIZATION_LEVEL = 0;
				GCC_PREPROCESSOR_DEFINITIONS = (
					"DEBUG=1",
					"$(inherited)",
				);
				GCC_WARN_64_TO_32_BIT_CONVERSION = YES;
				GCC_WARN_ABOUT_RETURN_TYPE = YES_ERROR;
				GCC_WARN_UNDECLARED_SELECTOR = YES;
				GCC_WARN_UNINITIALIZED_AUTOS = YES_AGGRESSIVE;
				GCC_WARN_UNUSED_FUNCTION = YES;
				GCC_WARN_UNUSED_VARIABLE = YES;
				IPHONEOS_DEPLOYMENT_TARGET = 16.2;
				MTL_ENABLE_DEBUG_INFO = INCLUDE_SOURCE;
				MTL_FAST_MATH = YES;
				ONLY_ACTIVE_ARCH = YES;
				SDKROOT = iphoneos;
				SWIFT_ACTIVE_COMPILATION_CONDITIONS = DEBUG;
				SWIFT_OPTIMIZATION_LEVEL = "-Onone";
			};
			name = Debug;
		};
		CC9E696129DDD2C2009DF5CD /* Release */ = {
			isa = XCBuildConfiguration;
			buildSettings = {
				ALWAYS_SEARCH_USER_PATHS = NO;
				CLANG_ANALYZER_NONNULL = YES;
				CLANG_ANALYZER_NUMBER_OBJECT_CONVERSION = YES_AGGRESSIVE;
				CLANG_CXX_LANGUAGE_STANDARD = "gnu++20";
				CLANG_ENABLE_MODULES = YES;
				CLANG_ENABLE_OBJC_ARC = YES;
				CLANG_ENABLE_OBJC_WEAK = YES;
				CLANG_WARN_BLOCK_CAPTURE_AUTORELEASING = YES;
				CLANG_WARN_BOOL_CONVERSION = YES;
				CLANG_WARN_COMMA = YES;
				CLANG_WARN_CONSTANT_CONVERSION = YES;
				CLANG_WARN_DEPRECATED_OBJC_IMPLEMENTATIONS = YES;
				CLANG_WARN_DIRECT_OBJC_ISA_USAGE = YES_ERROR;
				CLANG_WARN_DOCUMENTATION_COMMENTS = YES;
				CLANG_WARN_EMPTY_BODY = YES;
				CLANG_WARN_ENUM_CONVERSION = YES;
				CLANG_WARN_INFINITE_RECURSION = YES;
				CLANG_WARN_INT_CONVERSION = YES;
				CLANG_WARN_NON_LITERAL_NULL_CONVERSION = YES;
				CLANG_WARN_OBJC_IMPLICIT_RETAIN_SELF = YES;
				CLANG_WARN_OBJC_LITERAL_CONVERSION = YES;
				CLANG_WARN_OBJC_ROOT_CLASS = YES_ERROR;
				CLANG_WARN_QUOTED_INCLUDE_IN_FRAMEWORK_HEADER = YES;
				CLANG_WARN_RANGE_LOOP_ANALYSIS = YES;
				CLANG_WARN_STRICT_PROTOTYPES = YES;
				CLANG_WARN_SUSPICIOUS_MOVE = YES;
				CLANG_WARN_UNGUARDED_AVAILABILITY = YES_AGGRESSIVE;
				CLANG_WARN_UNREACHABLE_CODE = YES;
				CLANG_WARN__DUPLICATE_METHOD_MATCH = YES;
				COPY_PHASE_STRIP = NO;
				DEBUG_INFORMATION_FORMAT = "dwarf-with-dsym";
				ENABLE_NS_ASSERTIONS = NO;
				ENABLE_STRICT_OBJC_MSGSEND = YES;
				GCC_C_LANGUAGE_STANDARD = gnu11;
				GCC_NO_COMMON_BLOCKS = YES;
				GCC_WARN_64_TO_32_BIT_CONVERSION = YES;
				GCC_WARN_ABOUT_RETURN_TYPE = YES_ERROR;
				GCC_WARN_UNDECLARED_SELECTOR = YES;
				GCC_WARN_UNINITIALIZED_AUTOS = YES_AGGRESSIVE;
				GCC_WARN_UNUSED_FUNCTION = YES;
				GCC_WARN_UNUSED_VARIABLE = YES;
				IPHONEOS_DEPLOYMENT_TARGET = 16.2;
				MTL_ENABLE_DEBUG_INFO = NO;
				MTL_FAST_MATH = YES;
				SDKROOT = iphoneos;
				SWIFT_COMPILATION_MODE = wholemodule;
				SWIFT_OPTIMIZATION_LEVEL = "-O";
				VALIDATE_PRODUCT = YES;
			};
			name = Release;
		};
		CC9E696329DDD2C2009DF5CD /* Debug */ = {
			isa = XCBuildConfiguration;
			buildSettings = {
				ASSETCATALOG_COMPILER_APPICON_NAME = AppIcon;
				ASSETCATALOG_COMPILER_GLOBAL_ACCENT_COLOR_NAME = AccentColor;
				CODE_SIGN_STYLE = Automatic;
				CURRENT_PROJECT_VERSION = 1;
				DEVELOPMENT_ASSET_PATHS = "\"MoodMapper/Preview Content\"";
				ENABLE_PREVIEWS = YES;
				GENERATE_INFOPLIST_FILE = YES;
				INFOPLIST_KEY_UIApplicationSceneManifest_Generation = YES;
				INFOPLIST_KEY_UIApplicationSupportsIndirectInputEvents = YES;
				INFOPLIST_KEY_UILaunchScreen_Generation = YES;
				INFOPLIST_KEY_UISupportedInterfaceOrientations_iPad = "UIInterfaceOrientationPortrait UIInterfaceOrientationPortraitUpsideDown UIInterfaceOrientationLandscapeLeft UIInterfaceOrientationLandscapeRight";
				INFOPLIST_KEY_UISupportedInterfaceOrientations_iPhone = "UIInterfaceOrientationPortrait UIInterfaceOrientationLandscapeLeft UIInterfaceOrientationLandscapeRight";
				LD_RUNPATH_SEARCH_PATHS = (
					"$(inherited)",
					"@executable_path/Frameworks",
				);
				MARKETING_VERSION = 1.0;
				PRODUCT_BUNDLE_IDENTIFIER = com.codewithmorgan.MoodMapper;
				PRODUCT_NAME = "$(TARGET_NAME)";
				SWIFT_EMIT_LOC_STRINGS = YES;
				SWIFT_VERSION = 5.0;
				TARGETED_DEVICE_FAMILY = "1,2";
			};
			name = Debug;
		};
		CC9E696429DDD2C2009DF5CD /* Release */ = {
			isa = XCBuildConfiguration;
			buildSettings = {
				ASSETCATALOG_COMPILER_APPICON_NAME = AppIcon;
				ASSETCATALOG_COMPILER_GLOBAL_ACCENT_COLOR_NAME = AccentColor;
				CODE_SIGN_STYLE = Automatic;
				CURRENT_PROJECT_VERSION = 1;
				DEVELOPMENT_ASSET_PATHS = "\"MoodMapper/Preview Content\"";
				ENABLE_PREVIEWS = YES;
				GENERATE_INFOPLIST_FILE = YES;
				INFOPLIST_KEY_UIApplicationSceneManifest_Generation = YES;
				INFOPLIST_KEY_UIApplicationSupportsIndirectInputEvents = YES;
				INFOPLIST_KEY_UILaunchScreen_Generation = YES;
				INFOPLIST_KEY_UISupportedInterfaceOrientations_iPad = "UIInterfaceOrientationPortrait UIInterfaceOrientationPortraitUpsideDown UIInterfaceOrientationLandscapeLeft UIInterfaceOrientationLandscapeRight";
				INFOPLIST_KEY_UISupportedInterfaceOrientations_iPhone = "UIInterfaceOrientationPortrait UIInterfaceOrientationLandscapeLeft UIInterfaceOrientationLandscapeRight";
				LD_RUNPATH_SEARCH_PATHS = (
					"$(inherited)",
					"@executable_path/Frameworks",
				);
				MARKETING_VERSION = 1.0;
				PRODUCT_BUNDLE_IDENTIFIER = com.codewithmorgan.MoodMapper;
				PRODUCT_NAME = "$(TARGET_NAME)";
				SWIFT_EMIT_LOC_STRINGS = YES;
				SWIFT_VERSION = 5.0;
				TARGETED_DEVICE_FAMILY = "1,2";
			};
			name = Release;
		};
/* End XCBuildConfiguration section */

/* Begin XCConfigurationList section */
		CC9E694F29DDD2BD009DF5CD /* Build configuration list for PBXProject "MoodMapper" */ = {
			isa = XCConfigurationList;
			buildConfigurations = (
				CC9E696029DDD2C2009DF5CD /* Debug */,
				CC9E696129DDD2C2009DF5CD /* Release */,
			);
			defaultConfigurationIsVisible = 0;
			defaultConfigurationName = Release;
		};
		CC9E696229DDD2C2009DF5CD /* Build configuration list for PBXNativeTarget "MoodMapper" */ = {
			isa = XCConfigurationList;
			buildConfigurations = (
				CC9E696329DDD2C2009DF5CD /* Debug */,
				CC9E696429DDD2C2009DF5CD /* Release */,
			);
			defaultConfigurationIsVisible = 0;
			defaultConfigurationName = Release;
		};
/* End XCConfigurationList section */

/* Begin XCRemoteSwiftPackageReference section */
		CC79EF3D29E4BADC00744332 /* XCRemoteSwiftPackageReference "Blackbird" */ = {
			isa = XCRemoteSwiftPackageReference;
			repositoryURL = "https://github.com/marcoarment/Blackbird";
			requirement = {
				branch = main;
				kind = branch;
			};
		};
/* End XCRemoteSwiftPackageReference section */

/* Begin XCSwiftPackageProductDependency section */
		CC79EF3E29E4BADC00744332 /* Blackbird */ = {
			isa = XCSwiftPackageProductDependency;
			package = CC79EF3D29E4BADC00744332 /* XCRemoteSwiftPackageReference "Blackbird" */;
			productName = Blackbird;
		};
/* End XCSwiftPackageProductDependency section */
	};
	rootObject = CC9E694C29DDD2BD009DF5CD /* Project object */;
}
